
Microsoft Visual Studio Solution File, Format Version 12.00
# Visual Studio Version 17
VisualStudioVersion = 17.1.32210.238
MinimumVisualStudioVersion = 10.0.40219.1
Project("{FAE04EC0-301F-11D3-BF4B-00C04F79EFBC}") = "NameIPConfigMVC", "WinFormsAppTest\NameIPConfigMVC.csproj", "{FB8155BE-8784-478C-B04C-5D0F58680F44}"
EndProject
Global
	GlobalSection(SolutionConfigurationPlatforms) = preSolution
		Debug|Any CPU = Debug|Any CPU
		Release|Any CPU = Release|Any CPU
	EndGlobalSection
	GlobalSection(ProjectConfigurationPlatforms) = postSolution
		{FB8155BE-8784-478C-B04C-5D0F58680F44}.Debug|Any CPU.ActiveCfg = Debug|Any CPU
		{FB8155BE-8784-478C-B04C-5D0F58680F44}.Debug|Any CPU.Build.0 = Debug|Any CPU
		{FB8155BE-8784-478C-B04C-5D0F58680F44}.Release|Any CPU.ActiveCfg = Release|Any CPU
		{FB8155BE-8784-478C-B04C-5D0F58680F44}.Release|Any CPU.Build.0 = Release|Any CPU
	EndGlobalSection
	GlobalSection(SolutionProperties) = preSolution
		HideSolutionNode = FALSE
	EndGlobalSection
	GlobalSection(ExtensibilityGlobals) = postSolution
		SolutionGuid = {6CDE8C2D-0614-441A-9FEE-9B5C5BBB9B9D}
	EndGlobalSection
EndGlobal
